
Microsoft Visual Studio Solution File, Format Version 12.00
# Visual Studio 15
VisualStudioVersion = 15.0.28107.0
MinimumVisualStudioVersion = 10.0.40219.1
Project("{FAE04EC0-301F-11D3-BF4B-00C04F79EFBC}") = "ClassEnum", "ClassEnum\ClassEnum.csproj", "{F1763CC6-36E1-4C7C-9F5D-EF7B7F2CC0C7}"
EndProject
Project("{FAE04EC0-301F-11D3-BF4B-00C04F79EFBC}") = "Test", "Test\Test.csproj", "{9315CFEE-46D3-457E-8069-C389E88A3EC6}"
EndProject
Global
	GlobalSection(SolutionConfigurationPlatforms) = preSolution
		Debug|Any CPU = Debug|Any CPU
		Release|Any CPU = Release|Any CPU
	EndGlobalSection
	GlobalSection(ProjectConfigurationPlatforms) = postSolution
		{F1763CC6-36E1-4C7C-9F5D-EF7B7F2CC0C7}.Debug|Any CPU.ActiveCfg = Debug|Any CPU
		{F1763CC6-36E1-4C7C-9F5D-EF7B7F2CC0C7}.Debug|Any CPU.Build.0 = Debug|Any CPU
		{F1763CC6-36E1-4C7C-9F5D-EF7B7F2CC0C7}.Release|Any CPU.ActiveCfg = Release|Any CPU
		{F1763CC6-36E1-4C7C-9F5D-EF7B7F2CC0C7}.Release|Any CPU.Build.0 = Release|Any CPU
		{9315CFEE-46D3-457E-8069-C389E88A3EC6}.Debug|Any CPU.ActiveCfg = Debug|Any CPU
		{9315CFEE-46D3-457E-8069-C389E88A3EC6}.Debug|Any CPU.Build.0 = Debug|Any CPU
		{9315CFEE-46D3-457E-8069-C389E88A3EC6}.Release|Any CPU.ActiveCfg = Release|Any CPU
		{9315CFEE-46D3-457E-8069-C389E88A3EC6}.Release|Any CPU.Build.0 = Release|Any CPU
	EndGlobalSection
	GlobalSection(SolutionProperties) = preSolution
		HideSolutionNode = FALSE
	EndGlobalSection
	GlobalSection(ExtensibilityGlobals) = postSolution
		SolutionGuid = {81660FBA-F3C7-4146-822F-C4B5B9D32783}
	EndGlobalSection
EndGlobal
