
Microsoft Visual Studio Solution File, Format Version 12.00
# Visual Studio Version 16
VisualStudioVersion = 16.0.29728.190
MinimumVisualStudioVersion = 10.0.40219.1
Project("{9A19103F-16F7-4668-BE54-9A1E7A4F7556}") = "Restaurant", "Restaurant\Restaurant.csproj", "{19CC3C1C-1F8B-46C7-8AE6-039682373293}"
EndProject
Project("{FAE04EC0-301F-11D3-BF4B-00C04F79EFBC}") = "Printer", "Printer\Printer.csproj", "{00A2812D-F9CD-4A0E-824E-A3C8F45003E5}"
EndProject
Global
	GlobalSection(SolutionConfigurationPlatforms) = preSolution
		Debug|Any CPU = Debug|Any CPU
		Release|Any CPU = Release|Any CPU
	EndGlobalSection
	GlobalSection(ProjectConfigurationPlatforms) = postSolution
		{19CC3C1C-1F8B-46C7-8AE6-039682373293}.Debug|Any CPU.ActiveCfg = Debug|Any CPU
		{19CC3C1C-1F8B-46C7-8AE6-039682373293}.Debug|Any CPU.Build.0 = Debug|Any CPU
		{19CC3C1C-1F8B-46C7-8AE6-039682373293}.Release|Any CPU.ActiveCfg = Release|Any CPU
		{19CC3C1C-1F8B-46C7-8AE6-039682373293}.Release|Any CPU.Build.0 = Release|Any CPU
		{00A2812D-F9CD-4A0E-824E-A3C8F45003E5}.Debug|Any CPU.ActiveCfg = Debug|Any CPU
		{00A2812D-F9CD-4A0E-824E-A3C8F45003E5}.Debug|Any CPU.Build.0 = Debug|Any CPU
		{00A2812D-F9CD-4A0E-824E-A3C8F45003E5}.Release|Any CPU.ActiveCfg = Release|Any CPU
		{00A2812D-F9CD-4A0E-824E-A3C8F45003E5}.Release|Any CPU.Build.0 = Release|Any CPU
	EndGlobalSection
	GlobalSection(SolutionProperties) = preSolution
		HideSolutionNode = FALSE
	EndGlobalSection
	GlobalSection(ExtensibilityGlobals) = postSolution
		SolutionGuid = {F62FC13F-CF9B-4BF9-8A25-2B7640062860}
	EndGlobalSection
EndGlobal
