
Microsoft Visual Studio Solution File, Format Version 12.00
# Visual Studio 15
VisualStudioVersion = 15.0.28010.2016
MinimumVisualStudioVersion = 10.0.40219.1
Project("{FAE04EC0-301F-11D3-BF4B-00C04F79EFBC}") = "LoopMultiply", "LoopMultiply\LoopMultiply.csproj", "{4EE3C133-712D-49E0-9260-2BAC0FDFD915}"
EndProject
Project("{FAE04EC0-301F-11D3-BF4B-00C04F79EFBC}") = "Test", "Test\Test.csproj", "{A5557624-79A0-43B9-A1DD-DDA6B396E82E}"
EndProject
Global
	GlobalSection(SolutionConfigurationPlatforms) = preSolution
		Debug|Any CPU = Debug|Any CPU
		Release|Any CPU = Release|Any CPU
	EndGlobalSection
	GlobalSection(ProjectConfigurationPlatforms) = postSolution
		{4EE3C133-712D-49E0-9260-2BAC0FDFD915}.Debug|Any CPU.ActiveCfg = Debug|Any CPU
		{4EE3C133-712D-49E0-9260-2BAC0FDFD915}.Debug|Any CPU.Build.0 = Debug|Any CPU
		{4EE3C133-712D-49E0-9260-2BAC0FDFD915}.Release|Any CPU.ActiveCfg = Release|Any CPU
		{4EE3C133-712D-49E0-9260-2BAC0FDFD915}.Release|Any CPU.Build.0 = Release|Any CPU
		{A5557624-79A0-43B9-A1DD-DDA6B396E82E}.Debug|Any CPU.ActiveCfg = Debug|Any CPU
		{A5557624-79A0-43B9-A1DD-DDA6B396E82E}.Debug|Any CPU.Build.0 = Debug|Any CPU
		{A5557624-79A0-43B9-A1DD-DDA6B396E82E}.Release|Any CPU.ActiveCfg = Release|Any CPU
		{A5557624-79A0-43B9-A1DD-DDA6B396E82E}.Release|Any CPU.Build.0 = Release|Any CPU
	EndGlobalSection
	GlobalSection(SolutionProperties) = preSolution
		HideSolutionNode = FALSE
	EndGlobalSection
	GlobalSection(ExtensibilityGlobals) = postSolution
		SolutionGuid = {3089F199-5356-4339-8A88-E593941584D1}
	EndGlobalSection
EndGlobal
