
Microsoft Visual Studio Solution File, Format Version 12.00
# Visual Studio 15
VisualStudioVersion = 15.0.28010.2016
MinimumVisualStudioVersion = 10.0.40219.1
Project("{FAE04EC0-301F-11D3-BF4B-00C04F79EFBC}") = "Mileage", "Mileage\Mileage.csproj", "{3C0FDE90-BCA8-47EB-9960-1B982AA32457}"
EndProject
Project("{FAE04EC0-301F-11D3-BF4B-00C04F79EFBC}") = "Test", "Test\Test.csproj", "{3F41FF90-C147-4D0C-A6E9-873ECD7016BD}"
EndProject
Global
	GlobalSection(SolutionConfigurationPlatforms) = preSolution
		Debug|Any CPU = Debug|Any CPU
		Release|Any CPU = Release|Any CPU
	EndGlobalSection
	GlobalSection(ProjectConfigurationPlatforms) = postSolution
		{3C0FDE90-BCA8-47EB-9960-1B982AA32457}.Debug|Any CPU.ActiveCfg = Debug|Any CPU
		{3C0FDE90-BCA8-47EB-9960-1B982AA32457}.Debug|Any CPU.Build.0 = Debug|Any CPU
		{3C0FDE90-BCA8-47EB-9960-1B982AA32457}.Release|Any CPU.ActiveCfg = Release|Any CPU
		{3C0FDE90-BCA8-47EB-9960-1B982AA32457}.Release|Any CPU.Build.0 = Release|Any CPU
		{3F41FF90-C147-4D0C-A6E9-873ECD7016BD}.Debug|Any CPU.ActiveCfg = Debug|Any CPU
		{3F41FF90-C147-4D0C-A6E9-873ECD7016BD}.Debug|Any CPU.Build.0 = Debug|Any CPU
		{3F41FF90-C147-4D0C-A6E9-873ECD7016BD}.Release|Any CPU.ActiveCfg = Release|Any CPU
		{3F41FF90-C147-4D0C-A6E9-873ECD7016BD}.Release|Any CPU.Build.0 = Release|Any CPU
	EndGlobalSection
	GlobalSection(SolutionProperties) = preSolution
		HideSolutionNode = FALSE
	EndGlobalSection
	GlobalSection(ExtensibilityGlobals) = postSolution
		SolutionGuid = {92D68D10-E5A9-474E-BB78-1BD53F7C49E4}
	EndGlobalSection
EndGlobal
