
Microsoft Visual Studio Solution File, Format Version 12.00
# Visual Studio 15
VisualStudioVersion = 15.0.28010.2016
MinimumVisualStudioVersion = 10.0.40219.1
Project("{FAE04EC0-301F-11D3-BF4B-00C04F79EFBC}") = "RandomMax", "RandomMax\RandomMax.csproj", "{4637A72E-7F1E-460C-9B10-DE01453484DA}"
EndProject
Project("{FAE04EC0-301F-11D3-BF4B-00C04F79EFBC}") = "Test", "Test\Test.csproj", "{14F87318-9D7F-46EE-B2B3-A350B1C9F744}"
EndProject
Global
	GlobalSection(SolutionConfigurationPlatforms) = preSolution
		Debug|Any CPU = Debug|Any CPU
		Release|Any CPU = Release|Any CPU
	EndGlobalSection
	GlobalSection(ProjectConfigurationPlatforms) = postSolution
		{4637A72E-7F1E-460C-9B10-DE01453484DA}.Debug|Any CPU.ActiveCfg = Debug|Any CPU
		{4637A72E-7F1E-460C-9B10-DE01453484DA}.Debug|Any CPU.Build.0 = Debug|Any CPU
		{4637A72E-7F1E-460C-9B10-DE01453484DA}.Release|Any CPU.ActiveCfg = Release|Any CPU
		{4637A72E-7F1E-460C-9B10-DE01453484DA}.Release|Any CPU.Build.0 = Release|Any CPU
		{14F87318-9D7F-46EE-B2B3-A350B1C9F744}.Debug|Any CPU.ActiveCfg = Debug|Any CPU
		{14F87318-9D7F-46EE-B2B3-A350B1C9F744}.Debug|Any CPU.Build.0 = Debug|Any CPU
		{14F87318-9D7F-46EE-B2B3-A350B1C9F744}.Release|Any CPU.ActiveCfg = Release|Any CPU
		{14F87318-9D7F-46EE-B2B3-A350B1C9F744}.Release|Any CPU.Build.0 = Release|Any CPU
	EndGlobalSection
	GlobalSection(SolutionProperties) = preSolution
		HideSolutionNode = FALSE
	EndGlobalSection
	GlobalSection(ExtensibilityGlobals) = postSolution
		SolutionGuid = {4CE5CA12-B5D1-41E5-8B09-966C50896135}
	EndGlobalSection
EndGlobal
