
Microsoft Visual Studio Solution File, Format Version 12.00
# Visual Studio 15
VisualStudioVersion = 15.0.28107.0
MinimumVisualStudioVersion = 10.0.40219.1
Project("{FAE04EC0-301F-11D3-BF4B-00C04F79EFBC}") = "NumberCruncher", "NumberCruncher\NumberCruncher.csproj", "{59B48112-60C1-484F-8276-9847DF1B66F0}"
EndProject
Project("{FAE04EC0-301F-11D3-BF4B-00C04F79EFBC}") = "NumberUtility", "NumberUtility\NumberUtility.csproj", "{18CF0F19-CD22-4E6C-9E82-4C7C6E58148D}"
EndProject
Project("{FAE04EC0-301F-11D3-BF4B-00C04F79EFBC}") = "Test", "Test\Test.csproj", "{40317461-1E67-4F23-9253-05C18F548270}"
EndProject
Global
	GlobalSection(SolutionConfigurationPlatforms) = preSolution
		Debug|Any CPU = Debug|Any CPU
		Release|Any CPU = Release|Any CPU
	EndGlobalSection
	GlobalSection(ProjectConfigurationPlatforms) = postSolution
		{59B48112-60C1-484F-8276-9847DF1B66F0}.Debug|Any CPU.ActiveCfg = Debug|Any CPU
		{59B48112-60C1-484F-8276-9847DF1B66F0}.Debug|Any CPU.Build.0 = Debug|Any CPU
		{59B48112-60C1-484F-8276-9847DF1B66F0}.Release|Any CPU.ActiveCfg = Release|Any CPU
		{59B48112-60C1-484F-8276-9847DF1B66F0}.Release|Any CPU.Build.0 = Release|Any CPU
		{18CF0F19-CD22-4E6C-9E82-4C7C6E58148D}.Debug|Any CPU.ActiveCfg = Debug|Any CPU
		{18CF0F19-CD22-4E6C-9E82-4C7C6E58148D}.Debug|Any CPU.Build.0 = Debug|Any CPU
		{18CF0F19-CD22-4E6C-9E82-4C7C6E58148D}.Release|Any CPU.ActiveCfg = Release|Any CPU
		{18CF0F19-CD22-4E6C-9E82-4C7C6E58148D}.Release|Any CPU.Build.0 = Release|Any CPU
		{40317461-1E67-4F23-9253-05C18F548270}.Debug|Any CPU.ActiveCfg = Debug|Any CPU
		{40317461-1E67-4F23-9253-05C18F548270}.Debug|Any CPU.Build.0 = Debug|Any CPU
		{40317461-1E67-4F23-9253-05C18F548270}.Release|Any CPU.ActiveCfg = Release|Any CPU
		{40317461-1E67-4F23-9253-05C18F548270}.Release|Any CPU.Build.0 = Release|Any CPU
	EndGlobalSection
	GlobalSection(SolutionProperties) = preSolution
		HideSolutionNode = FALSE
	EndGlobalSection
	GlobalSection(ExtensibilityGlobals) = postSolution
		SolutionGuid = {F452BD7B-8180-40F0-ABFB-C4C32046DF2B}
	EndGlobalSection
EndGlobal
