
Microsoft Visual Studio Solution File, Format Version 12.00
# Visual Studio 15
VisualStudioVersion = 15.0.28107.0
MinimumVisualStudioVersion = 10.0.40219.1
Project("{FAE04EC0-301F-11D3-BF4B-00C04F79EFBC}") = "HighSchool", "HighSchool\HighSchool.csproj", "{E673DFCF-21A3-4F20-8C0C-D302BAA957B7}"
EndProject
Project("{FAE04EC0-301F-11D3-BF4B-00C04F79EFBC}") = "Test", "Test\Test.csproj", "{0B3ECDD0-F457-45A3-BCB8-786128FDC656}"
EndProject
Global
	GlobalSection(SolutionConfigurationPlatforms) = preSolution
		Debug|Any CPU = Debug|Any CPU
		Release|Any CPU = Release|Any CPU
	EndGlobalSection
	GlobalSection(ProjectConfigurationPlatforms) = postSolution
		{E673DFCF-21A3-4F20-8C0C-D302BAA957B7}.Debug|Any CPU.ActiveCfg = Debug|Any CPU
		{E673DFCF-21A3-4F20-8C0C-D302BAA957B7}.Debug|Any CPU.Build.0 = Debug|Any CPU
		{E673DFCF-21A3-4F20-8C0C-D302BAA957B7}.Release|Any CPU.ActiveCfg = Release|Any CPU
		{E673DFCF-21A3-4F20-8C0C-D302BAA957B7}.Release|Any CPU.Build.0 = Release|Any CPU
		{0B3ECDD0-F457-45A3-BCB8-786128FDC656}.Debug|Any CPU.ActiveCfg = Debug|Any CPU
		{0B3ECDD0-F457-45A3-BCB8-786128FDC656}.Debug|Any CPU.Build.0 = Debug|Any CPU
		{0B3ECDD0-F457-45A3-BCB8-786128FDC656}.Release|Any CPU.ActiveCfg = Release|Any CPU
		{0B3ECDD0-F457-45A3-BCB8-786128FDC656}.Release|Any CPU.Build.0 = Release|Any CPU
	EndGlobalSection
	GlobalSection(SolutionProperties) = preSolution
		HideSolutionNode = FALSE
	EndGlobalSection
	GlobalSection(ExtensibilityGlobals) = postSolution
		SolutionGuid = {E65068D0-1CEB-4EBE-829E-90D61FB7A3DE}
	EndGlobalSection
EndGlobal
