
Microsoft Visual Studio Solution File, Format Version 12.00
# Visual Studio 15
VisualStudioVersion = 15.0.27428.2002
MinimumVisualStudioVersion = 10.0.40219.1
Project("{FAE04EC0-301F-11D3-BF4B-00C04F79EFBC}") = "Reminders.Android", "Reminders\Reminders.Android\Reminders.Android.csproj", "{7AEE3D83-A3B0-4CCB-94F6-21C90F8275B5}"
EndProject
Project("{FAE04EC0-301F-11D3-BF4B-00C04F79EFBC}") = "Reminders.iOS", "Reminders\Reminders.iOS\Reminders.iOS.csproj", "{A9D73536-5C86-4972-AE98-DCD197F07093}"
EndProject
Project("{FAE04EC0-301F-11D3-BF4B-00C04F79EFBC}") = "Reminders.UWP", "Reminders\Reminders.UWP\Reminders.UWP.csproj", "{6351A6C9-3399-478B-A90A-643CFB931F49}"
EndProject
Project("{FAE04EC0-301F-11D3-BF4B-00C04F79EFBC}") = "Reminders", "Reminders\Reminders\Reminders.csproj", "{B29C3562-DE52-47D0-8538-A0532BDA86E9}"
EndProject
Global
	GlobalSection(SolutionConfigurationPlatforms) = preSolution
		Ad-Hoc|Any CPU = Ad-Hoc|Any CPU
		Ad-Hoc|ARM = Ad-Hoc|ARM
		Ad-Hoc|iPhone = Ad-Hoc|iPhone
		Ad-Hoc|iPhoneSimulator = Ad-Hoc|iPhoneSimulator
		Ad-Hoc|x64 = Ad-Hoc|x64
		Ad-Hoc|x86 = Ad-Hoc|x86
		AppStore|Any CPU = AppStore|Any CPU
		AppStore|ARM = AppStore|ARM
		AppStore|iPhone = AppStore|iPhone
		AppStore|iPhoneSimulator = AppStore|iPhoneSimulator
		AppStore|x64 = AppStore|x64
		AppStore|x86 = AppStore|x86
		Debug|Any CPU = Debug|Any CPU
		Debug|ARM = Debug|ARM
		Debug|iPhone = Debug|iPhone
		Debug|iPhoneSimulator = Debug|iPhoneSimulator
		Debug|x64 = Debug|x64
		Debug|x86 = Debug|x86
		Release|Any CPU = Release|Any CPU
		Release|ARM = Release|ARM
		Release|iPhone = Release|iPhone
		Release|iPhoneSimulator = Release|iPhoneSimulator
		Release|x64 = Release|x64
		Release|x86 = Release|x86
	EndGlobalSection
	GlobalSection(ProjectConfigurationPlatforms) = postSolution
		{7AEE3D83-A3B0-4CCB-94F6-21C90F8275B5}.Ad-Hoc|Any CPU.ActiveCfg = Release|Any CPU
		{7AEE3D83-A3B0-4CCB-94F6-21C90F8275B5}.Ad-Hoc|Any CPU.Build.0 = Release|Any CPU
		{7AEE3D83-A3B0-4CCB-94F6-21C90F8275B5}.Ad-Hoc|Any CPU.Deploy.0 = Release|Any CPU
		{7AEE3D83-A3B0-4CCB-94F6-21C90F8275B5}.Ad-Hoc|ARM.ActiveCfg = Release|Any CPU
		{7AEE3D83-A3B0-4CCB-94F6-21C90F8275B5}.Ad-Hoc|ARM.Build.0 = Release|Any CPU
		{7AEE3D83-A3B0-4CCB-94F6-21C90F8275B5}.Ad-Hoc|ARM.Deploy.0 = Release|Any CPU
		{7AEE3D83-A3B0-4CCB-94F6-21C90F8275B5}.Ad-Hoc|iPhone.ActiveCfg = Release|Any CPU
		{7AEE3D83-A3B0-4CCB-94F6-21C90F8275B5}.Ad-Hoc|iPhone.Build.0 = Release|Any CPU
		{7AEE3D83-A3B0-4CCB-94F6-21C90F8275B5}.Ad-Hoc|iPhone.Deploy.0 = Release|Any CPU
		{7AEE3D83-A3B0-4CCB-94F6-21C90F8275B5}.Ad-Hoc|iPhoneSimulator.ActiveCfg = Release|Any CPU
		{7AEE3D83-A3B0-4CCB-94F6-21C90F8275B5}.Ad-Hoc|iPhoneSimulator.Build.0 = Release|Any CPU
		{7AEE3D83-A3B0-4CCB-94F6-21C90F8275B5}.Ad-Hoc|iPhoneSimulator.Deploy.0 = Release|Any CPU
		{7AEE3D83-A3B0-4CCB-94F6-21C90F8275B5}.Ad-Hoc|x64.ActiveCfg = Release|Any CPU
		{7AEE3D83-A3B0-4CCB-94F6-21C90F8275B5}.Ad-Hoc|x64.Build.0 = Release|Any CPU
		{7AEE3D83-A3B0-4CCB-94F6-21C90F8275B5}.Ad-Hoc|x64.Deploy.0 = Release|Any CPU
		{7AEE3D83-A3B0-4CCB-94F6-21C90F8275B5}.Ad-Hoc|x86.ActiveCfg = Release|Any CPU
		{7AEE3D83-A3B0-4CCB-94F6-21C90F8275B5}.Ad-Hoc|x86.Build.0 = Release|Any CPU
		{7AEE3D83-A3B0-4CCB-94F6-21C90F8275B5}.Ad-Hoc|x86.Deploy.0 = Release|Any CPU
		{7AEE3D83-A3B0-4CCB-94F6-21C90F8275B5}.AppStore|Any CPU.ActiveCfg = Release|Any CPU
		{7AEE3D83-A3B0-4CCB-94F6-21C90F8275B5}.AppStore|Any CPU.Build.0 = Release|Any CPU
		{7AEE3D83-A3B0-4CCB-94F6-21C90F8275B5}.AppStore|Any CPU.Deploy.0 = Release|Any CPU
		{7AEE3D83-A3B0-4CCB-94F6-21C90F8275B5}.AppStore|ARM.ActiveCfg = Release|Any CPU
		{7AEE3D83-A3B0-4CCB-94F6-21C90F8275B5}.AppStore|ARM.Build.0 = Release|Any CPU
		{7AEE3D83-A3B0-4CCB-94F6-21C90F8275B5}.AppStore|ARM.Deploy.0 = Release|Any CPU
		{7AEE3D83-A3B0-4CCB-94F6-21C90F8275B5}.AppStore|iPhone.ActiveCfg = Release|Any CPU
		{7AEE3D83-A3B0-4CCB-94F6-21C90F8275B5}.AppStore|iPhone.Build.0 = Release|Any CPU
		{7AEE3D83-A3B0-4CCB-94F6-21C90F8275B5}.AppStore|iPhone.Deploy.0 = Release|Any CPU
		{7AEE3D83-A3B0-4CCB-94F6-21C90F8275B5}.AppStore|iPhoneSimulator.ActiveCfg = Release|Any CPU
		{7AEE3D83-A3B0-4CCB-94F6-21C90F8275B5}.AppStore|iPhoneSimulator.Build.0 = Release|Any CPU
		{7AEE3D83-A3B0-4CCB-94F6-21C90F8275B5}.AppStore|iPhoneSimulator.Deploy.0 = Release|Any CPU
		{7AEE3D83-A3B0-4CCB-94F6-21C90F8275B5}.AppStore|x64.ActiveCfg = Release|Any CPU
		{7AEE3D83-A3B0-4CCB-94F6-21C90F8275B5}.AppStore|x64.Build.0 = Release|Any CPU
		{7AEE3D83-A3B0-4CCB-94F6-21C90F8275B5}.AppStore|x64.Deploy.0 = Release|Any CPU
		{7AEE3D83-A3B0-4CCB-94F6-21C90F8275B5}.AppStore|x86.ActiveCfg = Release|Any CPU
		{7AEE3D83-A3B0-4CCB-94F6-21C90F8275B5}.AppStore|x86.Build.0 = Release|Any CPU
		{7AEE3D83-A3B0-4CCB-94F6-21C90F8275B5}.AppStore|x86.Deploy.0 = Release|Any CPU
		{7AEE3D83-A3B0-4CCB-94F6-21C90F8275B5}.Debug|Any CPU.ActiveCfg = Debug|Any CPU
		{7AEE3D83-A3B0-4CCB-94F6-21C90F8275B5}.Debug|Any CPU.Build.0 = Debug|Any CPU
		{7AEE3D83-A3B0-4CCB-94F6-21C90F8275B5}.Debug|Any CPU.Deploy.0 = Debug|Any CPU
		{7AEE3D83-A3B0-4CCB-94F6-21C90F8275B5}.Debug|ARM.ActiveCfg = Debug|Any CPU
		{7AEE3D83-A3B0-4CCB-94F6-21C90F8275B5}.Debug|ARM.Build.0 = Debug|Any CPU
		{7AEE3D83-A3B0-4CCB-94F6-21C90F8275B5}.Debug|ARM.Deploy.0 = Debug|Any CPU
		{7AEE3D83-A3B0-4CCB-94F6-21C90F8275B5}.Debug|iPhone.ActiveCfg = Debug|Any CPU
		{7AEE3D83-A3B0-4CCB-94F6-21C90F8275B5}.Debug|iPhone.Build.0 = Debug|Any CPU
		{7AEE3D83-A3B0-4CCB-94F6-21C90F8275B5}.Debug|iPhone.Deploy.0 = Debug|Any CPU
		{7AEE3D83-A3B0-4CCB-94F6-21C90F8275B5}.Debug|iPhoneSimulator.ActiveCfg = Debug|Any CPU
		{7AEE3D83-A3B0-4CCB-94F6-21C90F8275B5}.Debug|iPhoneSimulator.Build.0 = Debug|Any CPU
		{7AEE3D83-A3B0-4CCB-94F6-21C90F8275B5}.Debug|iPhoneSimulator.Deploy.0 = Debug|Any CPU
		{7AEE3D83-A3B0-4CCB-94F6-21C90F8275B5}.Debug|x64.ActiveCfg = Debug|Any CPU
		{7AEE3D83-A3B0-4CCB-94F6-21C90F8275B5}.Debug|x64.Build.0 = Debug|Any CPU
		{7AEE3D83-A3B0-4CCB-94F6-21C90F8275B5}.Debug|x64.Deploy.0 = Debug|Any CPU
		{7AEE3D83-A3B0-4CCB-94F6-21C90F8275B5}.Debug|x86.ActiveCfg = Debug|Any CPU
		{7AEE3D83-A3B0-4CCB-94F6-21C90F8275B5}.Debug|x86.Build.0 = Debug|Any CPU
		{7AEE3D83-A3B0-4CCB-94F6-21C90F8275B5}.Debug|x86.Deploy.0 = Debug|Any CPU
		{7AEE3D83-A3B0-4CCB-94F6-21C90F8275B5}.Release|Any CPU.ActiveCfg = Release|Any CPU
		{7AEE3D83-A3B0-4CCB-94F6-21C90F8275B5}.Release|Any CPU.Build.0 = Release|Any CPU
		{7AEE3D83-A3B0-4CCB-94F6-21C90F8275B5}.Release|Any CPU.Deploy.0 = Release|Any CPU
		{7AEE3D83-A3B0-4CCB-94F6-21C90F8275B5}.Release|ARM.ActiveCfg = Release|Any CPU
		{7AEE3D83-A3B0-4CCB-94F6-21C90F8275B5}.Release|ARM.Build.0 = Release|Any CPU
		{7AEE3D83-A3B0-4CCB-94F6-21C90F8275B5}.Release|ARM.Deploy.0 = Release|Any CPU
		{7AEE3D83-A3B0-4CCB-94F6-21C90F8275B5}.Release|iPhone.ActiveCfg = Release|Any CPU
		{7AEE3D83-A3B0-4CCB-94F6-21C90F8275B5}.Release|iPhone.Build.0 = Release|Any CPU
		{7AEE3D83-A3B0-4CCB-94F6-21C90F8275B5}.Release|iPhone.Deploy.0 = Release|Any CPU
		{7AEE3D83-A3B0-4CCB-94F6-21C90F8275B5}.Release|iPhoneSimulator.ActiveCfg = Release|Any CPU
		{7AEE3D83-A3B0-4CCB-94F6-21C90F8275B5}.Release|iPhoneSimulator.Build.0 = Release|Any CPU
		{7AEE3D83-A3B0-4CCB-94F6-21C90F8275B5}.Release|iPhoneSimulator.Deploy.0 = Release|Any CPU
		{7AEE3D83-A3B0-4CCB-94F6-21C90F8275B5}.Release|x64.ActiveCfg = Release|Any CPU
		{7AEE3D83-A3B0-4CCB-94F6-21C90F8275B5}.Release|x64.Build.0 = Release|Any CPU
		{7AEE3D83-A3B0-4CCB-94F6-21C90F8275B5}.Release|x64.Deploy.0 = Release|Any CPU
		{7AEE3D83-A3B0-4CCB-94F6-21C90F8275B5}.Release|x86.ActiveCfg = Release|Any CPU
		{7AEE3D83-A3B0-4CCB-94F6-21C90F8275B5}.Release|x86.Build.0 = Release|Any CPU
		{7AEE3D83-A3B0-4CCB-94F6-21C90F8275B5}.Release|x86.Deploy.0 = Release|Any CPU
		{A9D73536-5C86-4972-AE98-DCD197F07093}.Ad-Hoc|Any CPU.ActiveCfg = Ad-Hoc|iPhone
		{A9D73536-5C86-4972-AE98-DCD197F07093}.Ad-Hoc|ARM.ActiveCfg = Ad-Hoc|iPhone
		{A9D73536-5C86-4972-AE98-DCD197F07093}.Ad-Hoc|iPhone.ActiveCfg = Ad-Hoc|iPhone
		{A9D73536-5C86-4972-AE98-DCD197F07093}.Ad-Hoc|iPhone.Build.0 = Ad-Hoc|iPhone
		{A9D73536-5C86-4972-AE98-DCD197F07093}.Ad-Hoc|iPhoneSimulator.ActiveCfg = Ad-Hoc|iPhoneSimulator
		{A9D73536-5C86-4972-AE98-DCD197F07093}.Ad-Hoc|iPhoneSimulator.Build.0 = Ad-Hoc|iPhoneSimulator
		{A9D73536-5C86-4972-AE98-DCD197F07093}.Ad-Hoc|x64.ActiveCfg = Ad-Hoc|iPhone
		{A9D73536-5C86-4972-AE98-DCD197F07093}.Ad-Hoc|x86.ActiveCfg = Ad-Hoc|iPhone
		{A9D73536-5C86-4972-AE98-DCD197F07093}.AppStore|Any CPU.ActiveCfg = AppStore|iPhone
		{A9D73536-5C86-4972-AE98-DCD197F07093}.AppStore|ARM.ActiveCfg = AppStore|iPhone
		{A9D73536-5C86-4972-AE98-DCD197F07093}.AppStore|iPhone.ActiveCfg = AppStore|iPhone
		{A9D73536-5C86-4972-AE98-DCD197F07093}.AppStore|iPhone.Build.0 = AppStore|iPhone
		{A9D73536-5C86-4972-AE98-DCD197F07093}.AppStore|iPhoneSimulator.ActiveCfg = AppStore|iPhoneSimulator
		{A9D73536-5C86-4972-AE98-DCD197F07093}.AppStore|iPhoneSimulator.Build.0 = AppStore|iPhoneSimulator
		{A9D73536-5C86-4972-AE98-DCD197F07093}.AppStore|x64.ActiveCfg = AppStore|iPhone
		{A9D73536-5C86-4972-AE98-DCD197F07093}.AppStore|x86.ActiveCfg = AppStore|iPhone
		{A9D73536-5C86-4972-AE98-DCD197F07093}.Debug|Any CPU.ActiveCfg = Debug|iPhone
		{A9D73536-5C86-4972-AE98-DCD197F07093}.Debug|ARM.ActiveCfg = Debug|iPhone
		{A9D73536-5C86-4972-AE98-DCD197F07093}.Debug|iPhone.ActiveCfg = Debug|iPhone
		{A9D73536-5C86-4972-AE98-DCD197F07093}.Debug|iPhone.Build.0 = Debug|iPhone
		{A9D73536-5C86-4972-AE98-DCD197F07093}.Debug|iPhoneSimulator.ActiveCfg = Debug|iPhoneSimulator
		{A9D73536-5C86-4972-AE98-DCD197F07093}.Debug|iPhoneSimulator.Build.0 = Debug|iPhoneSimulator
		{A9D73536-5C86-4972-AE98-DCD197F07093}.Debug|x64.ActiveCfg = Debug|iPhone
		{A9D73536-5C86-4972-AE98-DCD197F07093}.Debug|x86.ActiveCfg = Debug|iPhone
		{A9D73536-5C86-4972-AE98-DCD197F07093}.Release|Any CPU.ActiveCfg = Release|iPhone
		{A9D73536-5C86-4972-AE98-DCD197F07093}.Release|ARM.ActiveCfg = Release|iPhone
		{A9D73536-5C86-4972-AE98-DCD197F07093}.Release|iPhone.ActiveCfg = Release|iPhone
		{A9D73536-5C86-4972-AE98-DCD197F07093}.Release|iPhone.Build.0 = Release|iPhone
		{A9D73536-5C86-4972-AE98-DCD197F07093}.Release|iPhoneSimulator.ActiveCfg = Release|iPhoneSimulator
		{A9D73536-5C86-4972-AE98-DCD197F07093}.Release|iPhoneSimulator.Build.0 = Release|iPhoneSimulator
		{A9D73536-5C86-4972-AE98-DCD197F07093}.Release|x64.ActiveCfg = Release|iPhone
		{A9D73536-5C86-4972-AE98-DCD197F07093}.Release|x86.ActiveCfg = Release|iPhone
		{6351A6C9-3399-478B-A90A-643CFB931F49}.Ad-Hoc|Any CPU.ActiveCfg = Release|x86
		{6351A6C9-3399-478B-A90A-643CFB931F49}.Ad-Hoc|Any CPU.Build.0 = Release|x86
		{6351A6C9-3399-478B-A90A-643CFB931F49}.Ad-Hoc|Any CPU.Deploy.0 = Release|x86
		{6351A6C9-3399-478B-A90A-643CFB931F49}.Ad-Hoc|ARM.ActiveCfg = Release|ARM
		{6351A6C9-3399-478B-A90A-643CFB931F49}.Ad-Hoc|ARM.Build.0 = Release|ARM
		{6351A6C9-3399-478B-A90A-643CFB931F49}.Ad-Hoc|ARM.Deploy.0 = Release|ARM
		{6351A6C9-3399-478B-A90A-643CFB931F49}.Ad-Hoc|iPhone.ActiveCfg = Release|x86
		{6351A6C9-3399-478B-A90A-643CFB931F49}.Ad-Hoc|iPhone.Build.0 = Release|x86
		{6351A6C9-3399-478B-A90A-643CFB931F49}.Ad-Hoc|iPhone.Deploy.0 = Release|x86
		{6351A6C9-3399-478B-A90A-643CFB931F49}.Ad-Hoc|iPhoneSimulator.ActiveCfg = Release|x86
		{6351A6C9-3399-478B-A90A-643CFB931F49}.Ad-Hoc|iPhoneSimulator.Build.0 = Release|x86
		{6351A6C9-3399-478B-A90A-643CFB931F49}.Ad-Hoc|iPhoneSimulator.Deploy.0 = Release|x86
		{6351A6C9-3399-478B-A90A-643CFB931F49}.Ad-Hoc|x64.ActiveCfg = Release|x64
		{6351A6C9-3399-478B-A90A-643CFB931F49}.Ad-Hoc|x64.Build.0 = Release|x64
		{6351A6C9-3399-478B-A90A-643CFB931F49}.Ad-Hoc|x64.Deploy.0 = Release|x64
		{6351A6C9-3399-478B-A90A-643CFB931F49}.Ad-Hoc|x86.ActiveCfg = Release|x86
		{6351A6C9-3399-478B-A90A-643CFB931F49}.Ad-Hoc|x86.Build.0 = Release|x86
		{6351A6C9-3399-478B-A90A-643CFB931F49}.Ad-Hoc|x86.Deploy.0 = Release|x86
		{6351A6C9-3399-478B-A90A-643CFB931F49}.AppStore|Any CPU.ActiveCfg = Release|x86
		{6351A6C9-3399-478B-A90A-643CFB931F49}.AppStore|Any CPU.Build.0 = Release|x86
		{6351A6C9-3399-478B-A90A-643CFB931F49}.AppStore|Any CPU.Deploy.0 = Release|x86
		{6351A6C9-3399-478B-A90A-643CFB931F49}.AppStore|ARM.ActiveCfg = Release|ARM
		{6351A6C9-3399-478B-A90A-643CFB931F49}.AppStore|ARM.Build.0 = Release|ARM
		{6351A6C9-3399-478B-A90A-643CFB931F49}.AppStore|ARM.Deploy.0 = Release|ARM
		{6351A6C9-3399-478B-A90A-643CFB931F49}.AppStore|iPhone.ActiveCfg = Release|x86
		{6351A6C9-3399-478B-A90A-643CFB931F49}.AppStore|iPhone.Build.0 = Release|x86
		{6351A6C9-3399-478B-A90A-643CFB931F49}.AppStore|iPhone.Deploy.0 = Release|x86
		{6351A6C9-3399-478B-A90A-643CFB931F49}.AppStore|iPhoneSimulator.ActiveCfg = Release|x86
		{6351A6C9-3399-478B-A90A-643CFB931F49}.AppStore|iPhoneSimulator.Build.0 = Release|x86
		{6351A6C9-3399-478B-A90A-643CFB931F49}.AppStore|iPhoneSimulator.Deploy.0 = Release|x86
		{6351A6C9-3399-478B-A90A-643CFB931F49}.AppStore|x64.ActiveCfg = Release|x64
		{6351A6C9-3399-478B-A90A-643CFB931F49}.AppStore|x64.Build.0 = Release|x64
		{6351A6C9-3399-478B-A90A-643CFB931F49}.AppStore|x64.Deploy.0 = Release|x64
		{6351A6C9-3399-478B-A90A-643CFB931F49}.AppStore|x86.ActiveCfg = Release|x86
		{6351A6C9-3399-478B-A90A-643CFB931F49}.AppStore|x86.Build.0 = Release|x86
		{6351A6C9-3399-478B-A90A-643CFB931F49}.AppStore|x86.Deploy.0 = Release|x86
		{6351A6C9-3399-478B-A90A-643CFB931F49}.Debug|Any CPU.ActiveCfg = Debug|x86
		{6351A6C9-3399-478B-A90A-643CFB931F49}.Debug|ARM.ActiveCfg = Debug|ARM
		{6351A6C9-3399-478B-A90A-643CFB931F49}.Debug|ARM.Build.0 = Debug|ARM
		{6351A6C9-3399-478B-A90A-643CFB931F49}.Debug|ARM.Deploy.0 = Debug|ARM
		{6351A6C9-3399-478B-A90A-643CFB931F49}.Debug|iPhone.ActiveCfg = Debug|x86
		{6351A6C9-3399-478B-A90A-643CFB931F49}.Debug|iPhoneSimulator.ActiveCfg = Debug|x86
		{6351A6C9-3399-478B-A90A-643CFB931F49}.Debug|x64.ActiveCfg = Debug|x64
		{6351A6C9-3399-478B-A90A-643CFB931F49}.Debug|x64.Build.0 = Debug|x64
		{6351A6C9-3399-478B-A90A-643CFB931F49}.Debug|x64.Deploy.0 = Debug|x64
		{6351A6C9-3399-478B-A90A-643CFB931F49}.Debug|x86.ActiveCfg = Debug|x86
		{6351A6C9-3399-478B-A90A-643CFB931F49}.Debug|x86.Build.0 = Debug|x86
		{6351A6C9-3399-478B-A90A-643CFB931F49}.Debug|x86.Deploy.0 = Debug|x86
		{6351A6C9-3399-478B-A90A-643CFB931F49}.Release|Any CPU.ActiveCfg = Release|x86
		{6351A6C9-3399-478B-A90A-643CFB931F49}.Release|ARM.ActiveCfg = Release|ARM
		{6351A6C9-3399-478B-A90A-643CFB931F49}.Release|ARM.Build.0 = Release|ARM
		{6351A6C9-3399-478B-A90A-643CFB931F49}.Release|ARM.Deploy.0 = Release|ARM
		{6351A6C9-3399-478B-A90A-643CFB931F49}.Release|iPhone.ActiveCfg = Release|x86
		{6351A6C9-3399-478B-A90A-643CFB931F49}.Release|iPhoneSimulator.ActiveCfg = Release|x86
		{6351A6C9-3399-478B-A90A-643CFB931F49}.Release|x64.ActiveCfg = Release|x64
		{6351A6C9-3399-478B-A90A-643CFB931F49}.Release|x64.Build.0 = Release|x64
		{6351A6C9-3399-478B-A90A-643CFB931F49}.Release|x64.Deploy.0 = Release|x64
		{6351A6C9-3399-478B-A90A-643CFB931F49}.Release|x86.ActiveCfg = Release|x86
		{6351A6C9-3399-478B-A90A-643CFB931F49}.Release|x86.Build.0 = Release|x86
		{6351A6C9-3399-478B-A90A-643CFB931F49}.Release|x86.Deploy.0 = Release|x86
		{B29C3562-DE52-47D0-8538-A0532BDA86E9}.Ad-Hoc|Any CPU.ActiveCfg = Debug|Any CPU
		{B29C3562-DE52-47D0-8538-A0532BDA86E9}.Ad-Hoc|Any CPU.Build.0 = Debug|Any CPU
		{B29C3562-DE52-47D0-8538-A0532BDA86E9}.Ad-Hoc|ARM.ActiveCfg = Debug|Any CPU
		{B29C3562-DE52-47D0-8538-A0532BDA86E9}.Ad-Hoc|ARM.Build.0 = Debug|Any CPU
		{B29C3562-DE52-47D0-8538-A0532BDA86E9}.Ad-Hoc|iPhone.ActiveCfg = Debug|Any CPU
		{B29C3562-DE52-47D0-8538-A0532BDA86E9}.Ad-Hoc|iPhone.Build.0 = Debug|Any CPU
		{B29C3562-DE52-47D0-8538-A0532BDA86E9}.Ad-Hoc|iPhoneSimulator.ActiveCfg = Debug|Any CPU
		{B29C3562-DE52-47D0-8538-A0532BDA86E9}.Ad-Hoc|iPhoneSimulator.Build.0 = Debug|Any CPU
		{B29C3562-DE52-47D0-8538-A0532BDA86E9}.Ad-Hoc|x64.ActiveCfg = Debug|Any CPU
		{B29C3562-DE52-47D0-8538-A0532BDA86E9}.Ad-Hoc|x64.Build.0 = Debug|Any CPU
		{B29C3562-DE52-47D0-8538-A0532BDA86E9}.Ad-Hoc|x86.ActiveCfg = Debug|Any CPU
		{B29C3562-DE52-47D0-8538-A0532BDA86E9}.Ad-Hoc|x86.Build.0 = Debug|Any CPU
		{B29C3562-DE52-47D0-8538-A0532BDA86E9}.AppStore|Any CPU.ActiveCfg = Debug|Any CPU
		{B29C3562-DE52-47D0-8538-A0532BDA86E9}.AppStore|Any CPU.Build.0 = Debug|Any CPU
		{B29C3562-DE52-47D0-8538-A0532BDA86E9}.AppStore|ARM.ActiveCfg = Debug|Any CPU
		{B29C3562-DE52-47D0-8538-A0532BDA86E9}.AppStore|ARM.Build.0 = Debug|Any CPU
		{B29C3562-DE52-47D0-8538-A0532BDA86E9}.AppStore|iPhone.ActiveCfg = Debug|Any CPU
		{B29C3562-DE52-47D0-8538-A0532BDA86E9}.AppStore|iPhone.Build.0 = Debug|Any CPU
		{B29C3562-DE52-47D0-8538-A0532BDA86E9}.AppStore|iPhoneSimulator.ActiveCfg = Debug|Any CPU
		{B29C3562-DE52-47D0-8538-A0532BDA86E9}.AppStore|iPhoneSimulator.Build.0 = Debug|Any CPU
		{B29C3562-DE52-47D0-8538-A0532BDA86E9}.AppStore|x64.ActiveCfg = Debug|Any CPU
		{B29C3562-DE52-47D0-8538-A0532BDA86E9}.AppStore|x64.Build.0 = Debug|Any CPU
		{B29C3562-DE52-47D0-8538-A0532BDA86E9}.AppStore|x86.ActiveCfg = Debug|Any CPU
		{B29C3562-DE52-47D0-8538-A0532BDA86E9}.AppStore|x86.Build.0 = Debug|Any CPU
		{B29C3562-DE52-47D0-8538-A0532BDA86E9}.Debug|Any CPU.ActiveCfg = Debug|Any CPU
		{B29C3562-DE52-47D0-8538-A0532BDA86E9}.Debug|Any CPU.Build.0 = Debug|Any CPU
		{B29C3562-DE52-47D0-8538-A0532BDA86E9}.Debug|ARM.ActiveCfg = Debug|Any CPU
		{B29C3562-DE52-47D0-8538-A0532BDA86E9}.Debug|ARM.Build.0 = Debug|Any CPU
		{B29C3562-DE52-47D0-8538-A0532BDA86E9}.Debug|iPhone.ActiveCfg = Debug|Any CPU
		{B29C3562-DE52-47D0-8538-A0532BDA86E9}.Debug|iPhone.Build.0 = Debug|Any CPU
		{B29C3562-DE52-47D0-8538-A0532BDA86E9}.Debug|iPhoneSimulator.ActiveCfg = Debug|Any CPU
		{B29C3562-DE52-47D0-8538-A0532BDA86E9}.Debug|iPhoneSimulator.Build.0 = Debug|Any CPU
		{B29C3562-DE52-47D0-8538-A0532BDA86E9}.Debug|x64.ActiveCfg = Debug|Any CPU
		{B29C3562-DE52-47D0-8538-A0532BDA86E9}.Debug|x64.Build.0 = Debug|Any CPU
		{B29C3562-DE52-47D0-8538-A0532BDA86E9}.Debug|x86.ActiveCfg = Debug|Any CPU
		{B29C3562-DE52-47D0-8538-A0532BDA86E9}.Debug|x86.Build.0 = Debug|Any CPU
		{B29C3562-DE52-47D0-8538-A0532BDA86E9}.Release|Any CPU.ActiveCfg = Release|Any CPU
		{B29C3562-DE52-47D0-8538-A0532BDA86E9}.Release|Any CPU.Build.0 = Release|Any CPU
		{B29C3562-DE52-47D0-8538-A0532BDA86E9}.Release|ARM.ActiveCfg = Release|Any CPU
		{B29C3562-DE52-47D0-8538-A0532BDA86E9}.Release|ARM.Build.0 = Release|Any CPU
		{B29C3562-DE52-47D0-8538-A0532BDA86E9}.Release|iPhone.ActiveCfg = Release|Any CPU
		{B29C3562-DE52-47D0-8538-A0532BDA86E9}.Release|iPhone.Build.0 = Release|Any CPU
		{B29C3562-DE52-47D0-8538-A0532BDA86E9}.Release|iPhoneSimulator.ActiveCfg = Release|Any CPU
		{B29C3562-DE52-47D0-8538-A0532BDA86E9}.Release|iPhoneSimulator.Build.0 = Release|Any CPU
		{B29C3562-DE52-47D0-8538-A0532BDA86E9}.Release|x64.ActiveCfg = Release|Any CPU
		{B29C3562-DE52-47D0-8538-A0532BDA86E9}.Release|x64.Build.0 = Release|Any CPU
		{B29C3562-DE52-47D0-8538-A0532BDA86E9}.Release|x86.ActiveCfg = Release|Any CPU
		{B29C3562-DE52-47D0-8538-A0532BDA86E9}.Release|x86.Build.0 = Release|Any CPU
	EndGlobalSection
	GlobalSection(SolutionProperties) = preSolution
		HideSolutionNode = FALSE
	EndGlobalSection
	GlobalSection(ExtensibilityGlobals) = postSolution
		SolutionGuid = {208B2439-1851-474D-8867-EFACCF34F78E}
	EndGlobalSection
EndGlobal
