
Microsoft Visual Studio Solution File, Format Version 12.00
# Visual Studio Version 16
VisualStudioVersion = 16.0.29709.97
MinimumVisualStudioVersion = 10.0.40219.1
Project("{FAE04EC0-301F-11D3-BF4B-00C04F79EFBC}") = "Dictionaries", "Dictionaries\Dictionaries.csproj", "{BAD23C23-406D-4887-AE73-83C14900740F}"
EndProject
Global
	GlobalSection(SolutionConfigurationPlatforms) = preSolution
		Debug|Any CPU = Debug|Any CPU
		Release|Any CPU = Release|Any CPU
	EndGlobalSection
	GlobalSection(ProjectConfigurationPlatforms) = postSolution
		{BAD23C23-406D-4887-AE73-83C14900740F}.Debug|Any CPU.ActiveCfg = Debug|Any CPU
		{BAD23C23-406D-4887-AE73-83C14900740F}.Debug|Any CPU.Build.0 = Debug|Any CPU
		{BAD23C23-406D-4887-AE73-83C14900740F}.Release|Any CPU.ActiveCfg = Release|Any CPU
		{BAD23C23-406D-4887-AE73-83C14900740F}.Release|Any CPU.Build.0 = Release|Any CPU
	EndGlobalSection
	GlobalSection(SolutionProperties) = preSolution
		HideSolutionNode = FALSE
	EndGlobalSection
	GlobalSection(ExtensibilityGlobals) = postSolution
		SolutionGuid = {CFDA3E15-5E3B-45C3-9B5D-A041F5D63B6F}
	EndGlobalSection
EndGlobal
