
Microsoft Visual Studio Solution File, Format Version 12.00
# Visual Studio 15
VisualStudioVersion = 15.0.28010.2016
MinimumVisualStudioVersion = 10.0.40219.1
Project("{FAE04EC0-301F-11D3-BF4B-00C04F79EFBC}") = "Calculator", "Calculator\Calculator.csproj", "{52A6CEDB-CED6-4DD5-A415-DE3F6BFFE006}"
EndProject
Project("{FAE04EC0-301F-11D3-BF4B-00C04F79EFBC}") = "Test", "Test\Test.csproj", "{78CBEE29-E2D6-4E5C-857F-9D33DC5DECC1}"
EndProject
Global
	GlobalSection(SolutionConfigurationPlatforms) = preSolution
		Debug|Any CPU = Debug|Any CPU
		Release|Any CPU = Release|Any CPU
	EndGlobalSection
	GlobalSection(ProjectConfigurationPlatforms) = postSolution
		{52A6CEDB-CED6-4DD5-A415-DE3F6BFFE006}.Debug|Any CPU.ActiveCfg = Debug|Any CPU
		{52A6CEDB-CED6-4DD5-A415-DE3F6BFFE006}.Debug|Any CPU.Build.0 = Debug|Any CPU
		{52A6CEDB-CED6-4DD5-A415-DE3F6BFFE006}.Release|Any CPU.ActiveCfg = Release|Any CPU
		{52A6CEDB-CED6-4DD5-A415-DE3F6BFFE006}.Release|Any CPU.Build.0 = Release|Any CPU
		{78CBEE29-E2D6-4E5C-857F-9D33DC5DECC1}.Debug|Any CPU.ActiveCfg = Debug|Any CPU
		{78CBEE29-E2D6-4E5C-857F-9D33DC5DECC1}.Debug|Any CPU.Build.0 = Debug|Any CPU
		{78CBEE29-E2D6-4E5C-857F-9D33DC5DECC1}.Release|Any CPU.ActiveCfg = Release|Any CPU
		{78CBEE29-E2D6-4E5C-857F-9D33DC5DECC1}.Release|Any CPU.Build.0 = Release|Any CPU
	EndGlobalSection
	GlobalSection(SolutionProperties) = preSolution
		HideSolutionNode = FALSE
	EndGlobalSection
	GlobalSection(ExtensibilityGlobals) = postSolution
		SolutionGuid = {8A4E9090-2B05-48CF-9469-208729C89218}
	EndGlobalSection
EndGlobal
