
Microsoft Visual Studio Solution File, Format Version 12.00
# Visual Studio Version 16
VisualStudioVersion = 16.0.29806.167
MinimumVisualStudioVersion = 10.0.40219.1
Project("{FAE04EC0-301F-11D3-BF4B-00C04F79EFBC}") = "Prep2", "Prep2\Prep2.csproj", "{A7AB1758-D609-4918-8707-F72EF75CD803}"
EndProject
Global
	GlobalSection(SolutionConfigurationPlatforms) = preSolution
		Debug|Any CPU = Debug|Any CPU
		Release|Any CPU = Release|Any CPU
	EndGlobalSection
	GlobalSection(ProjectConfigurationPlatforms) = postSolution
		{A7AB1758-D609-4918-8707-F72EF75CD803}.Debug|Any CPU.ActiveCfg = Debug|Any CPU
		{A7AB1758-D609-4918-8707-F72EF75CD803}.Debug|Any CPU.Build.0 = Debug|Any CPU
		{A7AB1758-D609-4918-8707-F72EF75CD803}.Release|Any CPU.ActiveCfg = Release|Any CPU
		{A7AB1758-D609-4918-8707-F72EF75CD803}.Release|Any CPU.Build.0 = Release|Any CPU
	EndGlobalSection
	GlobalSection(SolutionProperties) = preSolution
		HideSolutionNode = FALSE
	EndGlobalSection
	GlobalSection(ExtensibilityGlobals) = postSolution
		SolutionGuid = {6F15B96E-55F5-49E8-BE53-C560667E15CB}
	EndGlobalSection
EndGlobal
