
Microsoft Visual Studio Solution File, Format Version 12.00
# Visual Studio 15
VisualStudioVersion = 15.0.28010.2016
MinimumVisualStudioVersion = 10.0.40219.1
Project("{FAE04EC0-301F-11D3-BF4B-00C04F79EFBC}") = "HelloWorld2", "HelloWorld2\HelloWorld2.csproj", "{9942225D-9550-4B99-A88A-5DF07A1B375B}"
EndProject
Project("{FAE04EC0-301F-11D3-BF4B-00C04F79EFBC}") = "Test", "Test\Test.csproj", "{73135207-1A88-4A00-8F9D-A4B72C661BA0}"
EndProject
Global
	GlobalSection(SolutionConfigurationPlatforms) = preSolution
		Debug|Any CPU = Debug|Any CPU
		Release|Any CPU = Release|Any CPU
	EndGlobalSection
	GlobalSection(ProjectConfigurationPlatforms) = postSolution
		{9942225D-9550-4B99-A88A-5DF07A1B375B}.Debug|Any CPU.ActiveCfg = Debug|Any CPU
		{9942225D-9550-4B99-A88A-5DF07A1B375B}.Debug|Any CPU.Build.0 = Debug|Any CPU
		{9942225D-9550-4B99-A88A-5DF07A1B375B}.Release|Any CPU.ActiveCfg = Release|Any CPU
		{9942225D-9550-4B99-A88A-5DF07A1B375B}.Release|Any CPU.Build.0 = Release|Any CPU
		{73135207-1A88-4A00-8F9D-A4B72C661BA0}.Debug|Any CPU.ActiveCfg = Debug|Any CPU
		{73135207-1A88-4A00-8F9D-A4B72C661BA0}.Debug|Any CPU.Build.0 = Debug|Any CPU
		{73135207-1A88-4A00-8F9D-A4B72C661BA0}.Release|Any CPU.ActiveCfg = Release|Any CPU
		{73135207-1A88-4A00-8F9D-A4B72C661BA0}.Release|Any CPU.Build.0 = Release|Any CPU
	EndGlobalSection
	GlobalSection(SolutionProperties) = preSolution
		HideSolutionNode = FALSE
	EndGlobalSection
	GlobalSection(ExtensibilityGlobals) = postSolution
		SolutionGuid = {C44D1243-7A51-4FC8-A4D0-E1CD1994FE59}
	EndGlobalSection
EndGlobal
