
Microsoft Visual Studio Solution File, Format Version 12.00
# Visual Studio 15
VisualStudioVersion = 15.0.28010.2026
MinimumVisualStudioVersion = 10.0.40219.1
Project("{FAE04EC0-301F-11D3-BF4B-00C04F79EFBC}") = "Student", "Student\Student.csproj", "{326B3DF3-47CA-4FF4-BFC2-2B8BB253B2BF}"
EndProject
Project("{FAE04EC0-301F-11D3-BF4B-00C04F79EFBC}") = "Test", "Test\Test.csproj", "{C39AC138-AB1C-43C8-ADB2-36372046FEC3}"
EndProject
Global
	GlobalSection(SolutionConfigurationPlatforms) = preSolution
		Debug|Any CPU = Debug|Any CPU
		Release|Any CPU = Release|Any CPU
	EndGlobalSection
	GlobalSection(ProjectConfigurationPlatforms) = postSolution
		{326B3DF3-47CA-4FF4-BFC2-2B8BB253B2BF}.Debug|Any CPU.ActiveCfg = Debug|Any CPU
		{326B3DF3-47CA-4FF4-BFC2-2B8BB253B2BF}.Debug|Any CPU.Build.0 = Debug|Any CPU
		{326B3DF3-47CA-4FF4-BFC2-2B8BB253B2BF}.Release|Any CPU.ActiveCfg = Release|Any CPU
		{326B3DF3-47CA-4FF4-BFC2-2B8BB253B2BF}.Release|Any CPU.Build.0 = Release|Any CPU
		{C39AC138-AB1C-43C8-ADB2-36372046FEC3}.Debug|Any CPU.ActiveCfg = Debug|Any CPU
		{C39AC138-AB1C-43C8-ADB2-36372046FEC3}.Debug|Any CPU.Build.0 = Debug|Any CPU
		{C39AC138-AB1C-43C8-ADB2-36372046FEC3}.Release|Any CPU.ActiveCfg = Release|Any CPU
		{C39AC138-AB1C-43C8-ADB2-36372046FEC3}.Release|Any CPU.Build.0 = Release|Any CPU
	EndGlobalSection
	GlobalSection(SolutionProperties) = preSolution
		HideSolutionNode = FALSE
	EndGlobalSection
	GlobalSection(ExtensibilityGlobals) = postSolution
		SolutionGuid = {FE1649E7-AFB8-4985-A786-D4DD3FFC3119}
	EndGlobalSection
EndGlobal
