
Microsoft Visual Studio Solution File, Format Version 12.00
# Visual Studio 15
VisualStudioVersion = 15.0.28010.2016
MinimumVisualStudioVersion = 10.0.40219.1
Project("{FAE04EC0-301F-11D3-BF4B-00C04F79EFBC}") = "Holiday", "Holiday\Holiday.csproj", "{4F21A2B1-5E1D-48FE-B356-879765F7A694}"
EndProject
Project("{FAE04EC0-301F-11D3-BF4B-00C04F79EFBC}") = "Test", "Test\Test.csproj", "{9FF0BAF0-194C-49D0-A233-842DE37ECB78}"
EndProject
Global
	GlobalSection(SolutionConfigurationPlatforms) = preSolution
		Debug|Any CPU = Debug|Any CPU
		Release|Any CPU = Release|Any CPU
	EndGlobalSection
	GlobalSection(ProjectConfigurationPlatforms) = postSolution
		{4F21A2B1-5E1D-48FE-B356-879765F7A694}.Debug|Any CPU.ActiveCfg = Debug|Any CPU
		{4F21A2B1-5E1D-48FE-B356-879765F7A694}.Debug|Any CPU.Build.0 = Debug|Any CPU
		{4F21A2B1-5E1D-48FE-B356-879765F7A694}.Release|Any CPU.ActiveCfg = Release|Any CPU
		{4F21A2B1-5E1D-48FE-B356-879765F7A694}.Release|Any CPU.Build.0 = Release|Any CPU
		{9FF0BAF0-194C-49D0-A233-842DE37ECB78}.Debug|Any CPU.ActiveCfg = Debug|Any CPU
		{9FF0BAF0-194C-49D0-A233-842DE37ECB78}.Debug|Any CPU.Build.0 = Debug|Any CPU
		{9FF0BAF0-194C-49D0-A233-842DE37ECB78}.Release|Any CPU.ActiveCfg = Release|Any CPU
		{9FF0BAF0-194C-49D0-A233-842DE37ECB78}.Release|Any CPU.Build.0 = Release|Any CPU
	EndGlobalSection
	GlobalSection(SolutionProperties) = preSolution
		HideSolutionNode = FALSE
	EndGlobalSection
	GlobalSection(ExtensibilityGlobals) = postSolution
		SolutionGuid = {C1936F6C-6FB8-459E-9C42-25BB5CC99A0B}
	EndGlobalSection
EndGlobal
