
Microsoft Visual Studio Solution File, Format Version 12.00
# Visual Studio 15
VisualStudioVersion = 15.0.28010.2016
MinimumVisualStudioVersion = 10.0.40219.1
Project("{FAE04EC0-301F-11D3-BF4B-00C04F79EFBC}") = "Turtles", "Turtles\Turtles.csproj", "{09CB1387-5840-4443-A466-0F8061CE5B76}"
EndProject
Project("{FAE04EC0-301F-11D3-BF4B-00C04F79EFBC}") = "Test", "Test\Test.csproj", "{F314CF0F-DAD7-4D56-B6A6-18EBAB3990EB}"
EndProject
Global
	GlobalSection(SolutionConfigurationPlatforms) = preSolution
		Debug|Any CPU = Debug|Any CPU
		Release|Any CPU = Release|Any CPU
	EndGlobalSection
	GlobalSection(ProjectConfigurationPlatforms) = postSolution
		{09CB1387-5840-4443-A466-0F8061CE5B76}.Debug|Any CPU.ActiveCfg = Debug|Any CPU
		{09CB1387-5840-4443-A466-0F8061CE5B76}.Debug|Any CPU.Build.0 = Debug|Any CPU
		{09CB1387-5840-4443-A466-0F8061CE5B76}.Release|Any CPU.ActiveCfg = Release|Any CPU
		{09CB1387-5840-4443-A466-0F8061CE5B76}.Release|Any CPU.Build.0 = Release|Any CPU
		{F314CF0F-DAD7-4D56-B6A6-18EBAB3990EB}.Debug|Any CPU.ActiveCfg = Debug|Any CPU
		{F314CF0F-DAD7-4D56-B6A6-18EBAB3990EB}.Debug|Any CPU.Build.0 = Debug|Any CPU
		{F314CF0F-DAD7-4D56-B6A6-18EBAB3990EB}.Release|Any CPU.ActiveCfg = Release|Any CPU
		{F314CF0F-DAD7-4D56-B6A6-18EBAB3990EB}.Release|Any CPU.Build.0 = Release|Any CPU
	EndGlobalSection
	GlobalSection(SolutionProperties) = preSolution
		HideSolutionNode = FALSE
	EndGlobalSection
	GlobalSection(ExtensibilityGlobals) = postSolution
		SolutionGuid = {340DF387-00F5-47B8-94B9-46A7C613841A}
	EndGlobalSection
EndGlobal
