
Microsoft Visual Studio Solution File, Format Version 12.00
# Visual Studio Version 16
VisualStudioVersion = 16.0.29709.97
MinimumVisualStudioVersion = 10.0.40219.1
Project("{FAE04EC0-301F-11D3-BF4B-00C04F79EFBC}") = "Strings", "Strings\Strings.csproj", "{91F20402-3E40-48CE-BBC0-2DE2197CB8AF}"
EndProject
Global
	GlobalSection(SolutionConfigurationPlatforms) = preSolution
		Debug|Any CPU = Debug|Any CPU
		Release|Any CPU = Release|Any CPU
	EndGlobalSection
	GlobalSection(ProjectConfigurationPlatforms) = postSolution
		{91F20402-3E40-48CE-BBC0-2DE2197CB8AF}.Debug|Any CPU.ActiveCfg = Debug|Any CPU
		{91F20402-3E40-48CE-BBC0-2DE2197CB8AF}.Debug|Any CPU.Build.0 = Debug|Any CPU
		{91F20402-3E40-48CE-BBC0-2DE2197CB8AF}.Release|Any CPU.ActiveCfg = Release|Any CPU
		{91F20402-3E40-48CE-BBC0-2DE2197CB8AF}.Release|Any CPU.Build.0 = Release|Any CPU
	EndGlobalSection
	GlobalSection(SolutionProperties) = preSolution
		HideSolutionNode = FALSE
	EndGlobalSection
	GlobalSection(ExtensibilityGlobals) = postSolution
		SolutionGuid = {626E36C2-57FD-4618-A4F8-69756F3F9A6A}
	EndGlobalSection
EndGlobal
